// !$*UTF8*$!
{
	archiveVersion = 1;
	classes = {
	};
	objectVersion = 50;
	objects = {

/* Begin PBXBuildFile section */
		CB6AF10825F4E03F004CFEBC /* AppDelegate.swift in Sources */ = {isa = PBXBuildFile; fileRef = CB6AF10725F4E03F004CFEBC /* AppDelegate.swift */; };
		CB6AF10A25F4E03F004CFEBC /* SceneDelegate.swift in Sources */ = {isa = PBXBuildFile; fileRef = CB6AF10925F4E03F004CFEBC /* SceneDelegate.swift */; };
		CB6AF11125F4E040004CFEBC /* Assets.xcassets in Resources */ = {isa = PBXBuildFile; fileRef = CB6AF11025F4E040004CFEBC /* Assets.xcassets */; };
		CB6AF11425F4E040004CFEBC /* LaunchScreen.storyboard in Resources */ = {isa = PBXBuildFile; fileRef = CB6AF11225F4E040004CFEBC /* LaunchScreen.storyboard */; };
		CB6AF12625F4E162004CFEBC /* HomePagePresenter.swift in Sources */ = {isa = PBXBuildFile; fileRef = CB6AF12025F4E161004CFEBC /* HomePagePresenter.swift */; };
		CB6AF12725F4E162004CFEBC /* HomePageWorker.swift in Sources */ = {isa = PBXBuildFile; fileRef = CB6AF12125F4E161004CFEBC /* HomePageWorker.swift */; };
		CB6AF12825F4E162004CFEBC /* HomePageRouter.swift in Sources */ = {isa = PBXBuildFile; fileRef = CB6AF12225F4E161004CFEBC /* HomePageRouter.swift */; };
		CB6AF12925F4E162004CFEBC /* HomePageModels.swift in Sources */ = {isa = PBXBuildFile; fileRef = CB6AF12325F4E161004CFEBC /* HomePageModels.swift */; };
		CB6AF12A25F4E162004CFEBC /* HomePageViewController.swift in Sources */ = {isa = PBXBuildFile; fileRef = CB6AF12425F4E162004CFEBC /* HomePageViewController.swift */; };
		CB6AF12B25F4E162004CFEBC /* HomePageInteractor.swift in Sources */ = {isa = PBXBuildFile; fileRef = CB6AF12525F4E162004CFEBC /* HomePageInteractor.swift */; };
		CB6AF12F25F4E198004CFEBC /* HomePageViewController.xib in Resources */ = {isa = PBXBuildFile; fileRef = CB6AF12E25F4E198004CFEBC /* HomePageViewController.xib */; };
		CB6AF13525F56CEE004CFEBC /* Codable+Extension.swift in Sources */ = {isa = PBXBuildFile; fileRef = CB6AF13425F56CEE004CFEBC /* Codable+Extension.swift */; };
		CB6AF14D25F57FD8004CFEBC /* GoldenScent.swift in Sources */ = {isa = PBXBuildFile; fileRef = CB6AF14C25F57FD8004CFEBC /* GoldenScent.swift */; };
		CB995E6F25F5989D00FABBE7 /* GoldenScent.json in Resources */ = {isa = PBXBuildFile; fileRef = CB995E6E25F5989D00FABBE7 /* GoldenScent.json */; };
/* End PBXBuildFile section */

/* Begin PBXFileReference section */
		CB6AF10425F4E03F004CFEBC /* AssessmentTest.app */ = {isa = PBXFileReference; explicitFileType = wrapper.application; includeInIndex = 0; path = AssessmentTest.app; sourceTree = BUILT_PRODUCTS_DIR; };
		CB6AF10725F4E03F004CFEBC /* AppDelegate.swift */ = {isa = PBXFileReference; lastKnownFileType = sourcecode.swift; path = AppDelegate.swift; sourceTree = "<group>"; };
		CB6AF10925F4E03F004CFEBC /* SceneDelegate.swift */ = {isa = PBXFileReference; lastKnownFileType = sourcecode.swift; path = SceneDelegate.swift; sourceTree = "<group>"; };
		CB6AF11025F4E040004CFEBC /* Assets.xcassets */ = {isa = PBXFileReference; lastKnownFileType = folder.assetcatalog; path = Assets.xcassets; sourceTree = "<group>"; };
		CB6AF11325F4E040004CFEBC /* Base */ = {isa = PBXFileReference; lastKnownFileType = file.storyboard; name = Base; path = Base.lproj/LaunchScreen.storyboard; sourceTree = "<group>"; };
		CB6AF11525F4E040004CFEBC /* Info.plist */ = {isa = PBXFileReference; lastKnownFileType = text.plist.xml; path = Info.plist; sourceTree = "<group>"; };
		CB6AF12025F4E161004CFEBC /* HomePagePresenter.swift */ = {isa = PBXFileReference; lastKnownFileType = sourcecode.swift; path = HomePagePresenter.swift; sourceTree = "<group>"; };
		CB6AF12125F4E161004CFEBC /* HomePageWorker.swift */ = {isa = PBXFileReference; lastKnownFileType = sourcecode.swift; path = HomePageWorker.swift; sourceTree = "<group>"; };
		CB6AF12225F4E161004CFEBC /* HomePageRouter.swift */ = {isa = PBXFileReference; lastKnownFileType = sourcecode.swift; path = HomePageRouter.swift; sourceTree = "<group>"; };
		CB6AF12325F4E161004CFEBC /* HomePageModels.swift */ = {isa = PBXFileReference; lastKnownFileType = sourcecode.swift; path = HomePageModels.swift; sourceTree = "<group>"; };
		CB6AF12425F4E162004CFEBC /* HomePageViewController.swift */ = {isa = PBXFileReference; lastKnownFileType = sourcecode.swift; path = HomePageViewController.swift; sourceTree = "<group>"; };
		CB6AF12525F4E162004CFEBC /* HomePageInteractor.swift */ = {isa = PBXFileReference; lastKnownFileType = sourcecode.swift; path = HomePageInteractor.swift; sourceTree = "<group>"; };
		CB6AF12E25F4E198004CFEBC /* HomePageViewController.xib */ = {isa = PBXFileReference; lastKnownFileType = file.xib; path = HomePageViewController.xib; sourceTree = "<group>"; };
		CB6AF13425F56CEE004CFEBC /* Codable+Extension.swift */ = {isa = PBXFileReference; lastKnownFileType = sourcecode.swift; path = "Codable+Extension.swift"; sourceTree = "<group>"; };
		CB6AF14C25F57FD8004CFEBC /* GoldenScent.swift */ = {isa = PBXFileReference; lastKnownFileType = sourcecode.swift; path = GoldenScent.swift; sourceTree = "<group>"; };
		CB995E6E25F5989D00FABBE7 /* GoldenScent.json */ = {isa = PBXFileReference; lastKnownFileType = text.json; path = GoldenScent.json; sourceTree = "<group>"; };
/* End PBXFileReference section */

/* Begin PBXFrameworksBuildPhase section */
		CB6AF10125F4E03F004CFEBC /* Frameworks */ = {
			isa = PBXFrameworksBuildPhase;
			buildActionMask = 2147483647;
			files = (
			);
			runOnlyForDeploymentPostprocessing = 0;
		};
/* End PBXFrameworksBuildPhase section */

/* Begin PBXGroup section */
		CB6AF0FB25F4E03F004CFEBC = {
			isa = PBXGroup;
			children = (
				CB6AF10625F4E03F004CFEBC /* AssessmentTest */,
				CB6AF10525F4E03F004CFEBC /* Products */,
			);
			sourceTree = "<group>";
		};
		CB6AF10525F4E03F004CFEBC /* Products */ = {
			isa = PBXGroup;
			children = (
				CB6AF10425F4E03F004CFEBC /* AssessmentTest.app */,
			);
			name = Products;
			sourceTree = "<group>";
		};
		CB6AF10625F4E03F004CFEBC /* AssessmentTest */ = {
			isa = PBXGroup;
			children = (
				CB6AF13125F56C96004CFEBC /* Common */,
				CB6AF11E25F4E0E1004CFEBC /* Scenes */,
				CB6AF11C25F4E0C8004CFEBC /* SupportingFiles */,
				CB6AF11525F4E040004CFEBC /* Info.plist */,
			);
			path = AssessmentTest;
			sourceTree = "<group>";
		};
		CB6AF11C25F4E0C8004CFEBC /* SupportingFiles */ = {
			isa = PBXGroup;
			children = (
				CB6AF10725F4E03F004CFEBC /* AppDelegate.swift */,
				CB6AF10925F4E03F004CFEBC /* SceneDelegate.swift */,
				CB6AF11025F4E040004CFEBC /* Assets.xcassets */,
				CB6AF11225F4E040004CFEBC /* LaunchScreen.storyboard */,
			);
			path = SupportingFiles;
			sourceTree = "<group>";
		};
		CB6AF11E25F4E0E1004CFEBC /* Scenes */ = {
			isa = PBXGroup;
			children = (
				CB6AF11F25F4E110004CFEBC /* HomePage */,
			);
			path = Scenes;
			sourceTree = "<group>";
		};
		CB6AF11F25F4E110004CFEBC /* HomePage */ = {
			isa = PBXGroup;
			children = (
				CB6AF12025F4E161004CFEBC /* HomePagePresenter.swift */,
				CB6AF12125F4E161004CFEBC /* HomePageWorker.swift */,
				CB6AF12225F4E161004CFEBC /* HomePageRouter.swift */,
				CB6AF12325F4E161004CFEBC /* HomePageModels.swift */,
				CB6AF12425F4E162004CFEBC /* HomePageViewController.swift */,
				CB6AF12525F4E162004CFEBC /* HomePageInteractor.swift */,
				CB6AF12E25F4E198004CFEBC /* HomePageViewController.xib */,
			);
			path = HomePage;
			sourceTree = "<group>";
		};
		CB6AF13125F56C96004CFEBC /* Common */ = {
			isa = PBXGroup;
			children = (
				CB6AF13D25F56E5B004CFEBC /* JSONFiles */,
				CB6AF13825F56D3F004CFEBC /* Models */,
				CB6AF13225F56CA0004CFEBC /* Extensions */,
			);
			path = Common;
			sourceTree = "<group>";
		};
		CB6AF13225F56CA0004CFEBC /* Extensions */ = {
			isa = PBXGroup;
			children = (
				CB6AF13425F56CEE004CFEBC /* Codable+Extension.swift */,
			);
			path = Extensions;
			sourceTree = "<group>";
		};
		CB6AF13825F56D3F004CFEBC /* Models */ = {
			isa = PBXGroup;
			children = (
				CB6AF14C25F57FD8004CFEBC /* GoldenScent.swift */,
			);
			path = Models;
			sourceTree = "<group>";
		};
		CB6AF13D25F56E5B004CFEBC /* JSONFiles */ = {
			isa = PBXGroup;
			children = (
				CB995E6E25F5989D00FABBE7 /* GoldenScent.json */,
			);
			path = JSONFiles;
			sourceTree = "<group>";
		};
/* End PBXGroup section */

/* Begin PBXNativeTarget section */
		CB6AF10325F4E03F004CFEBC /* AssessmentTest */ = {
			isa = PBXNativeTarget;
			buildConfigurationList = CB6AF11825F4E040004CFEBC /* Build configuration list for PBXNativeTarget "AssessmentTest" */;
			buildPhases = (
				CB6AF10025F4E03F004CFEBC /* Sources */,
				CB6AF10125F4E03F004CFEBC /* Frameworks */,
				CB6AF10225F4E03F004CFEBC /* Resources */,
			);
			buildRules = (
			);
			dependencies = (
			);
			name = AssessmentTest;
			productName = AssessmentTest;
			productReference = CB6AF10425F4E03F004CFEBC /* AssessmentTest.app */;
			productType = "com.apple.product-type.application";
		};
/* End PBXNativeTarget section */

/* Begin PBXProject section */
		CB6AF0FC25F4E03F004CFEBC /* Project object */ = {
			isa = PBXProject;
			attributes = {
				LastSwiftUpdateCheck = 1200;
				LastUpgradeCheck = 1200;
				TargetAttributes = {
					CB6AF10325F4E03F004CFEBC = {
						CreatedOnToolsVersion = 12.0;
					};
				};
			};
			buildConfigurationList = CB6AF0FF25F4E03F004CFEBC /* Build configuration list for PBXProject "AssessmentTest" */;
			compatibilityVersion = "Xcode 9.3";
			developmentRegion = en;
			hasScannedForEncodings = 0;
			knownRegions = (
				en,
				Base,
			);
			mainGroup = CB6AF0FB25F4E03F004CFEBC;
			productRefGroup = CB6AF10525F4E03F004CFEBC /* Products */;
			projectDirPath = "";
			projectRoot = "";
			targets = (
				CB6AF10325F4E03F004CFEBC /* AssessmentTest */,
			);
		};
/* End PBXProject section */

/* Begin PBXResourcesBuildPhase section */
		CB6AF10225F4E03F004CFEBC /* Resources */ = {
			isa = PBXResourcesBuildPhase;
			buildActionMask = 2147483647;
			files = (
				CB6AF11425F4E040004CFEBC /* LaunchScreen.storyboard in Resources */,
				CB6AF11125F4E040004CFEBC /* Assets.xcassets in Resources */,
				CB995E6F25F5989D00FABBE7 /* GoldenScent.json in Resources */,
				CB6AF12F25F4E198004CFEBC /* HomePageViewController.xib in Resources */,
			);
			runOnlyForDeploymentPostprocessing = 0;
		};
/* End PBXResourcesBuildPhase section */

/* Begin PBXSourcesBuildPhase section */
		CB6AF10025F4E03F004CFEBC /* Sources */ = {
			isa = PBXSourcesBuildPhase;
			buildActionMask = 2147483647;
			files = (
				CB6AF13525F56CEE004CFEBC /* Codable+Extension.swift in Sources */,
				CB6AF12625F4E162004CFEBC /* HomePagePresenter.swift in Sources */,
				CB6AF10825F4E03F004CFEBC /* AppDelegate.swift in Sources */,
				CB6AF12725F4E162004CFEBC /* HomePageWorker.swift in Sources */,
				CB6AF12B25F4E162004CFEBC /* HomePageInteractor.swift in Sources */,
				CB6AF10A25F4E03F004CFEBC /* SceneDelegate.swift in Sources */,
				CB6AF14D25F57FD8004CFEBC /* GoldenScent.swift in Sources */,
				CB6AF12925F4E162004CFEBC /* HomePageModels.swift in Sources */,
				CB6AF12A25F4E162004CFEBC /* HomePageViewController.swift in Sources */,
				CB6AF12825F4E162004CFEBC /* HomePageRouter.swift in Sources */,
			);
			runOnlyForDeploymentPostprocessing = 0;
		};
/* End PBXSourcesBuildPhase section */

/* Begin PBXVariantGroup section */
		CB6AF11225F4E040004CFEBC /* LaunchScreen.storyboard */ = {
			isa = PBXVariantGroup;
			children = (
				CB6AF11325F4E040004CFEBC /* Base */,
			);
			name = LaunchScreen.storyboard;
			sourceTree = "<group>";
		};
/* End PBXVariantGroup section */

/* Begin XCBuildConfiguration section */
		CB6AF11625F4E040004CFEBC /* Debug */ = {
			isa = XCBuildConfiguration;
			buildSettings = {
				ALWAYS_SEARCH_USER_PATHS = NO;
				CLANG_ANALYZER_NONNULL = YES;
				CLANG_ANALYZER_NUMBER_OBJECT_CONVERSION = YES_AGGRESSIVE;
				CLANG_CXX_LANGUAGE_STANDARD = "gnu++14";
				CLANG_CXX_LIBRARY = "libc++";
				CLANG_ENABLE_MODULES = YES;
				CLANG_ENABLE_OBJC_ARC = YES;
				CLANG_ENABLE_OBJC_WEAK = YES;
				CLANG_WARN_BLOCK_CAPTURE_AUTORELEASING = YES;
				CLANG_WARN_BOOL_CONVERSION = YES;
				CLANG_WARN_COMMA = YES;
				CLANG_WARN_CONSTANT_CONVERSION = YES;
				CLANG_WARN_DEPRECATED_OBJC_IMPLEMENTATIONS = YES;
				CLANG_WARN_DIRECT_OBJC_ISA_USAGE = YES_ERROR;
				CLANG_WARN_DOCUMENTATION_COMMENTS = YES;
				CLANG_WARN_EMPTY_BODY = YES;
				CLANG_WARN_ENUM_CONVERSION = YES;
				CLANG_WARN_INFINITE_RECURSION = YES;
				CLANG_WARN_INT_CONVERSION = YES;
				CLANG_WARN_NON_LITERAL_NULL_CONVERSION = YES;
				CLANG_WARN_OBJC_IMPLICIT_RETAIN_SELF = YES;
				CLANG_WARN_OBJC_LITERAL_CONVERSION = YES;
				CLANG_WARN_OBJC_ROOT_CLASS = YES_ERROR;
				CLANG_WARN_QUOTED_INCLUDE_IN_FRAMEWORK_HEADER = YES;
				CLANG_WARN_RANGE_LOOP_ANALYSIS = YES;
				CLANG_WARN_STRICT_PROTOTYPES = YES;
				CLANG_WARN_SUSPICIOUS_MOVE = YES;
				CLANG_WARN_UNGUARDED_AVAILABILITY = YES_AGGRESSIVE;
				CLANG_WARN_UNREACHABLE_CODE = YES;
				CLANG_WARN__DUPLICATE_METHOD_MATCH = YES;
				COPY_PHASE_STRIP = NO;
				DEBUG_INFORMATION_FORMAT = dwarf;
				ENABLE_STRICT_OBJC_MSGSEND = YES;
				ENABLE_TESTABILITY = YES;
				GCC_C_LANGUAGE_STANDARD = gnu11;
				GCC_DYNAMIC_NO_PIC = NO;
				GCC_NO_COMMON_BLOCKS = YES;
				GCC_OPTIMIZATION_LEVEL = 0;
				GCC_PREPROCESSOR_DEFINITIONS = (
					"DEBUG=1",
					"$(inherited)",
				);
				GCC_WARN_64_TO_32_BIT_CONVERSION = YES;
				GCC_WARN_ABOUT_RETURN_TYPE = YES_ERROR;
				GCC_WARN_UNDECLARED_SELECTOR = YES;
				GCC_WARN_UNINITIALIZED_AUTOS = YES_AGGRESSIVE;
				GCC_WARN_UNUSED_FUNCTION = YES;
				GCC_WARN_UNUSED_VARIABLE = YES;
				IPHONEOS_DEPLOYMENT_TARGET = 14.0;
				MTL_ENABLE_DEBUG_INFO = INCLUDE_SOURCE;
				MTL_FAST_MATH = YES;
				ONLY_ACTIVE_ARCH = YES;
				SDKROOT = iphoneos;
				SWIFT_ACTIVE_COMPILATION_CONDITIONS = DEBUG;
				SWIFT_OPTIMIZATION_LEVEL = "-Onone";
			};
			name = Debug;
		};
		CB6AF11725F4E040004CFEBC /* Release */ = {
			isa = XCBuildConfiguration;
			buildSettings = {
				ALWAYS_SEARCH_USER_PATHS = NO;
				CLANG_ANALYZER_NONNULL = YES;
				CLANG_ANALYZER_NUMBER_OBJECT_CONVERSION = YES_AGGRESSIVE;
				CLANG_CXX_LANGUAGE_STANDARD = "gnu++14";
				CLANG_CXX_LIBRARY = "libc++";
				CLANG_ENABLE_MODULES = YES;
				CLANG_ENABLE_OBJC_ARC = YES;
				CLANG_ENABLE_OBJC_WEAK = YES;
				CLANG_WARN_BLOCK_CAPTURE_AUTORELEASING = YES;
				CLANG_WARN_BOOL_CONVERSION = YES;
				CLANG_WARN_COMMA = YES;
				CLANG_WARN_CONSTANT_CONVERSION = YES;
				CLANG_WARN_DEPRECATED_OBJC_IMPLEMENTATIONS = YES;
				CLANG_WARN_DIRECT_OBJC_ISA_USAGE = YES_ERROR;
				CLANG_WARN_DOCUMENTATION_COMMENTS = YES;
				CLANG_WARN_EMPTY_BODY = YES;
				CLANG_WARN_ENUM_CONVERSION = YES;
				CLANG_WARN_INFINITE_RECURSION = YES;
				CLANG_WARN_INT_CONVERSION = YES;
				CLANG_WARN_NON_LITERAL_NULL_CONVERSION = YES;
				CLANG_WARN_OBJC_IMPLICIT_RETAIN_SELF = YES;
				CLANG_WARN_OBJC_LITERAL_CONVERSION = YES;
				CLANG_WARN_OBJC_ROOT_CLASS = YES_ERROR;
				CLANG_WARN_QUOTED_INCLUDE_IN_FRAMEWORK_HEADER = YES;
				CLANG_WARN_RANGE_LOOP_ANALYSIS = YES;
				CLANG_WARN_STRICT_PROTOTYPES = YES;
				CLANG_WARN_SUSPICIOUS_MOVE = YES;
				CLANG_WARN_UNGUARDED_AVAILABILITY = YES_AGGRESSIVE;
				CLANG_WARN_UNREACHABLE_CODE = YES;
				CLANG_WARN__DUPLICATE_METHOD_MATCH = YES;
				COPY_PHASE_STRIP = NO;
				DEBUG_INFORMATION_FORMAT = "dwarf-with-dsym";
				ENABLE_NS_ASSERTIONS = NO;
				ENABLE_STRICT_OBJC_MSGSEND = YES;
				GCC_C_LANGUAGE_STANDARD = gnu11;
				GCC_NO_COMMON_BLOCKS = YES;
				GCC_WARN_64_TO_32_BIT_CONVERSION = YES;
				GCC_WARN_ABOUT_RETURN_TYPE = YES_ERROR;
				GCC_WARN_UNDECLARED_SELECTOR = YES;
				GCC_WARN_UNINITIALIZED_AUTOS = YES_AGGRESSIVE;
				GCC_WARN_UNUSED_FUNCTION = YES;
				GCC_WARN_UNUSED_VARIABLE = YES;
				IPHONEOS_DEPLOYMENT_TARGET = 14.0;
				MTL_ENABLE_DEBUG_INFO = NO;
				MTL_FAST_MATH = YES;
				SDKROOT = iphoneos;
				SWIFT_COMPILATION_MODE = wholemodule;
				SWIFT_OPTIMIZATION_LEVEL = "-O";
				VALIDATE_PRODUCT = YES;
			};
			name = Release;
		};
		CB6AF11925F4E040004CFEBC /* Debug */ = {
			isa = XCBuildConfiguration;
			buildSettings = {
				ASSETCATALOG_COMPILER_APPICON_NAME = AppIcon;
				ASSETCATALOG_COMPILER_GLOBAL_ACCENT_COLOR_NAME = AccentColor;
				CODE_SIGN_STYLE = Automatic;
				DEVELOPMENT_TEAM = ZB4W788A3A;
				INFOPLIST_FILE = AssessmentTest/Info.plist;
				LD_RUNPATH_SEARCH_PATHS = (
					"$(inherited)",
					"@executable_path/Frameworks",
				);
				PRODUCT_BUNDLE_IDENTIFIER = com.exponent.AssessmentTest;
				PRODUCT_NAME = "$(TARGET_NAME)";
				SWIFT_VERSION = 5.0;
				TARGETED_DEVICE_FAMILY = "1,2";
			};
			name = Debug;
		};
		CB6AF11A25F4E040004CFEBC /* Release */ = {
			isa = XCBuildConfiguration;
			buildSettings = {
				ASSETCATALOG_COMPILER_APPICON_NAME = AppIcon;
				ASSETCATALOG_COMPILER_GLOBAL_ACCENT_COLOR_NAME = AccentColor;
				CODE_SIGN_STYLE = Automatic;
				DEVELOPMENT_TEAM = ZB4W788A3A;
				INFOPLIST_FILE = AssessmentTest/Info.plist;
				LD_RUNPATH_SEARCH_PATHS = (
					"$(inherited)",
					"@executable_path/Frameworks",
				);
				PRODUCT_BUNDLE_IDENTIFIER = com.exponent.AssessmentTest;
				PRODUCT_NAME = "$(TARGET_NAME)";
				SWIFT_VERSION = 5.0;
				TARGETED_DEVICE_FAMILY = "1,2";
			};
			name = Release;
		};
/* End XCBuildConfiguration section */

/* Begin XCConfigurationList section */
		CB6AF0FF25F4E03F004CFEBC /* Build configuration list for PBXProject "AssessmentTest" */ = {
			isa = XCConfigurationList;
			buildConfigurations = (
				CB6AF11625F4E040004CFEBC /* Debug */,
				CB6AF11725F4E040004CFEBC /* Release */,
			);
			defaultConfigurationIsVisible = 0;
			defaultConfigurationName = Release;
		};
		CB6AF11825F4E040004CFEBC /* Build configuration list for PBXNativeTarget "AssessmentTest" */ = {
			isa = XCConfigurationList;
			buildConfigurations = (
				CB6AF11925F4E040004CFEBC /* Debug */,
				CB6AF11A25F4E040004CFEBC /* Release */,
			);
			defaultConfigurationIsVisible = 0;
			defaultConfigurationName = Release;
		};
/* End XCConfigurationList section */
	};
	rootObject = CB6AF0FC25F4E03F004CFEBC /* Project object */;
}
